
Microsoft Visual Studio Solution File, Format Version 12.00
# Visual Studio 15
Project("{FAE04EC0-301F-11D3-BF4B-00C04F79EFBC}") = "GStreamer", "Assembly-CSharp.csproj", "{CAC8869C-9DBF-ACF2-66F4-F8515551CBA2}"
EndProject
Project("{FAE04EC0-301F-11D3-BF4B-00C04F79EFBC}") = "GStreamer", "Assembly-CSharp-Editor.csproj", "{2E857D8E-3FA1-5C2D-818B-ED1250456E51}"
EndProject
Global
	GlobalSection(SolutionConfigurationPlatforms) = preSolution
		Debug|Any CPU = Debug|Any CPU
		Release|Any CPU = Release|Any CPU
	EndGlobalSection
	GlobalSection(ProjectConfigurationPlatforms) = postSolution
		{CAC8869C-9DBF-ACF2-66F4-F8515551CBA2}.Debug|Any CPU.ActiveCfg = Debug|Any CPU
		{CAC8869C-9DBF-ACF2-66F4-F8515551CBA2}.Debug|Any CPU.Build.0 = Debug|Any CPU
		{CAC8869C-9DBF-ACF2-66F4-F8515551CBA2}.Release|Any CPU.ActiveCfg = Release|Any CPU
		{CAC8869C-9DBF-ACF2-66F4-F8515551CBA2}.Release|Any CPU.Build.0 = Release|Any CPU
		{2E857D8E-3FA1-5C2D-818B-ED1250456E51}.Debug|Any CPU.ActiveCfg = Debug|Any CPU
		{2E857D8E-3FA1-5C2D-818B-ED1250456E51}.Debug|Any CPU.Build.0 = Debug|Any CPU
		{2E857D8E-3FA1-5C2D-818B-ED1250456E51}.Release|Any CPU.ActiveCfg = Release|Any CPU
		{2E857D8E-3FA1-5C2D-818B-ED1250456E51}.Release|Any CPU.Build.0 = Release|Any CPU
	EndGlobalSection
	GlobalSection(SolutionProperties) = preSolution
		HideSolutionNode = FALSE
	EndGlobalSection
EndGlobal
